// !$*UTF8*$!
{
	archiveVersion = 1;
	classes = {
	};
	objectVersion = 52;
	objects = {

/* Begin PBXBuildFile section */
		345EEDE824A748EE001D419B /* FormulaOneApp.swift in Sources */ = {isa = PBXBuildFile; fileRef = 345EEDD524A748ED001D419B /* FormulaOneApp.swift */; };
		345EEDE924A748EE001D419B /* FormulaOneApp.swift in Sources */ = {isa = PBXBuildFile; fileRef = 345EEDD524A748ED001D419B /* FormulaOneApp.swift */; };
		345EEDEA24A748EE001D419B /* ContentView.swift in Sources */ = {isa = PBXBuildFile; fileRef = 345EEDD624A748ED001D419B /* ContentView.swift */; };
		345EEDEB24A748EE001D419B /* ContentView.swift in Sources */ = {isa = PBXBuildFile; fileRef = 345EEDD624A748ED001D419B /* ContentView.swift */; };
		345EEDEC24A748EE001D419B /* Assets.xcassets in Resources */ = {isa = PBXBuildFile; fileRef = 345EEDD724A748ED001D419B /* Assets.xcassets */; };
		345EEDED24A748EE001D419B /* Assets.xcassets in Resources */ = {isa = PBXBuildFile; fileRef = 345EEDD724A748ED001D419B /* Assets.xcassets */; };
		345EEE0324A74AEE001D419B /* CircuitModel.swift in Sources */ = {isa = PBXBuildFile; fileRef = 345EEE0224A74AEE001D419B /* CircuitModel.swift */; };
		345EEE0424A74AEE001D419B /* CircuitModel.swift in Sources */ = {isa = PBXBuildFile; fileRef = 345EEE0224A74AEE001D419B /* CircuitModel.swift */; };
		345EEE0624A74B0C001D419B /* CircuitsResponseModel.swift in Sources */ = {isa = PBXBuildFile; fileRef = 345EEE0524A74B0C001D419B /* CircuitsResponseModel.swift */; };
		345EEE0724A74B0C001D419B /* CircuitsResponseModel.swift in Sources */ = {isa = PBXBuildFile; fileRef = 345EEE0524A74B0C001D419B /* CircuitsResponseModel.swift */; };
		345EEE0924A74B25001D419B /* CompetitionsResponseModel.swift in Sources */ = {isa = PBXBuildFile; fileRef = 345EEE0824A74B25001D419B /* CompetitionsResponseModel.swift */; };
		345EEE0A24A74B25001D419B /* CompetitionsResponseModel.swift in Sources */ = {isa = PBXBuildFile; fileRef = 345EEE0824A74B25001D419B /* CompetitionsResponseModel.swift */; };
		345EEE0C24A74B32001D419B /* CompetitionModel.swift in Sources */ = {isa = PBXBuildFile; fileRef = 345EEE0B24A74B32001D419B /* CompetitionModel.swift */; };
		345EEE0D24A74B32001D419B /* CompetitionModel.swift in Sources */ = {isa = PBXBuildFile; fileRef = 345EEE0B24A74B32001D419B /* CompetitionModel.swift */; };
		345EEE0F24A74B6E001D419B /* DriversResponseModel.swift in Sources */ = {isa = PBXBuildFile; fileRef = 345EEE0E24A74B6E001D419B /* DriversResponseModel.swift */; };
		345EEE1024A74B6E001D419B /* DriversResponseModel.swift in Sources */ = {isa = PBXBuildFile; fileRef = 345EEE0E24A74B6E001D419B /* DriversResponseModel.swift */; };
		345EEE1224A74B78001D419B /* DriverModel.swift in Sources */ = {isa = PBXBuildFile; fileRef = 345EEE1124A74B78001D419B /* DriverModel.swift */; };
		345EEE1324A74B78001D419B /* DriverModel.swift in Sources */ = {isa = PBXBuildFile; fileRef = 345EEE1124A74B78001D419B /* DriverModel.swift */; };
		345EEE1524A74B84001D419B /* DriverTeamModel.swift in Sources */ = {isa = PBXBuildFile; fileRef = 345EEE1424A74B84001D419B /* DriverTeamModel.swift */; };
		345EEE1624A74B84001D419B /* DriverTeamModel.swift in Sources */ = {isa = PBXBuildFile; fileRef = 345EEE1424A74B84001D419B /* DriverTeamModel.swift */; };
		345EEE1824A74B90001D419B /* LocationModel.swift in Sources */ = {isa = PBXBuildFile; fileRef = 345EEE1724A74B90001D419B /* LocationModel.swift */; };
		345EEE1924A74B90001D419B /* LocationModel.swift in Sources */ = {isa = PBXBuildFile; fileRef = 345EEE1724A74B90001D419B /* LocationModel.swift */; };
		345EEE1B24A74B9D001D419B /* SeasonsResponseModel.swift in Sources */ = {isa = PBXBuildFile; fileRef = 345EEE1A24A74B9D001D419B /* SeasonsResponseModel.swift */; };
		345EEE1C24A74B9D001D419B /* SeasonsResponseModel.swift in Sources */ = {isa = PBXBuildFile; fileRef = 345EEE1A24A74B9D001D419B /* SeasonsResponseModel.swift */; };
		345EEE1E24A74BAE001D419B /* RacesResponseModel.swift in Sources */ = {isa = PBXBuildFile; fileRef = 345EEE1D24A74BAE001D419B /* RacesResponseModel.swift */; };
		345EEE1F24A74BAE001D419B /* RacesResponseModel.swift in Sources */ = {isa = PBXBuildFile; fileRef = 345EEE1D24A74BAE001D419B /* RacesResponseModel.swift */; };
		345EEE2124A74BB5001D419B /* RaceModel.swift in Sources */ = {isa = PBXBuildFile; fileRef = 345EEE2024A74BB5001D419B /* RaceModel.swift */; };
		345EEE2224A74BB5001D419B /* RaceModel.swift in Sources */ = {isa = PBXBuildFile; fileRef = 345EEE2024A74BB5001D419B /* RaceModel.swift */; };
		345EEE2424A74BBC001D419B /* LapModel.swift in Sources */ = {isa = PBXBuildFile; fileRef = 345EEE2324A74BBC001D419B /* LapModel.swift */; };
		345EEE2524A74BBC001D419B /* LapModel.swift in Sources */ = {isa = PBXBuildFile; fileRef = 345EEE2324A74BBC001D419B /* LapModel.swift */; };
		345EEE2724A74BCA001D419B /* RankingsResponseModel.swift in Sources */ = {isa = PBXBuildFile; fileRef = 345EEE2624A74BCA001D419B /* RankingsResponseModel.swift */; };
		345EEE2824A74BCA001D419B /* RankingsResponseModel.swift in Sources */ = {isa = PBXBuildFile; fileRef = 345EEE2624A74BCA001D419B /* RankingsResponseModel.swift */; };
		345EEE2A24A74BD1001D419B /* RankingModel.swift in Sources */ = {isa = PBXBuildFile; fileRef = 345EEE2924A74BD1001D419B /* RankingModel.swift */; };
		345EEE2B24A74BD1001D419B /* RankingModel.swift in Sources */ = {isa = PBXBuildFile; fileRef = 345EEE2924A74BD1001D419B /* RankingModel.swift */; };
		345EEE2D24A74BED001D419B /* TeamsResponseModel.swift in Sources */ = {isa = PBXBuildFile; fileRef = 345EEE2C24A74BED001D419B /* TeamsResponseModel.swift */; };
		345EEE2E24A74BED001D419B /* TeamsResponseModel.swift in Sources */ = {isa = PBXBuildFile; fileRef = 345EEE2C24A74BED001D419B /* TeamsResponseModel.swift */; };
		345EEE3024A74BF5001D419B /* TeamModel.swift in Sources */ = {isa = PBXBuildFile; fileRef = 345EEE2F24A74BF5001D419B /* TeamModel.swift */; };
		345EEE3124A74BF5001D419B /* TeamModel.swift in Sources */ = {isa = PBXBuildFile; fileRef = 345EEE2F24A74BF5001D419B /* TeamModel.swift */; };
		345EEE3424A74D69001D419B /* Alamofire in Frameworks */ = {isa = PBXBuildFile; productRef = 345EEE3324A74D69001D419B /* Alamofire */; };
		345EEE3724A74DA9001D419B /* URLImage in Frameworks */ = {isa = PBXBuildFile; productRef = 345EEE3624A74DA9001D419B /* URLImage */; };
		345EEE3924A74E47001D419B /* ServiceClient.swift in Sources */ = {isa = PBXBuildFile; fileRef = 345EEE3824A74E47001D419B /* ServiceClient.swift */; };
		345EEE3A24A74E47001D419B /* ServiceClient.swift in Sources */ = {isa = PBXBuildFile; fileRef = 345EEE3824A74E47001D419B /* ServiceClient.swift */; };
		345EEE3C24A74E57001D419B /* FormulaOneRouter.swift in Sources */ = {isa = PBXBuildFile; fileRef = 345EEE3B24A74E57001D419B /* FormulaOneRouter.swift */; };
		345EEE3D24A74E57001D419B /* FormulaOneRouter.swift in Sources */ = {isa = PBXBuildFile; fileRef = 345EEE3B24A74E57001D419B /* FormulaOneRouter.swift */; };
		345EEE3F24A74E61001D419B /* FormulaOneClient.swift in Sources */ = {isa = PBXBuildFile; fileRef = 345EEE3E24A74E61001D419B /* FormulaOneClient.swift */; };
		345EEE4024A74E61001D419B /* FormulaOneClient.swift in Sources */ = {isa = PBXBuildFile; fileRef = 345EEE3E24A74E61001D419B /* FormulaOneClient.swift */; };
		345EEE4224A74E69001D419B /* NetworkConstants.swift in Sources */ = {isa = PBXBuildFile; fileRef = 345EEE4124A74E69001D419B /* NetworkConstants.swift */; };
		345EEE4324A74E69001D419B /* NetworkConstants.swift in Sources */ = {isa = PBXBuildFile; fileRef = 345EEE4124A74E69001D419B /* NetworkConstants.swift */; };
		345EEE4924A74F26001D419B /* Formula1-Bold.otf in Resources */ = {isa = PBXBuildFile; fileRef = 345EEE4624A74F26001D419B /* Formula1-Bold.otf */; };
		345EEE4A24A74F26001D419B /* Formula1-Bold.otf in Resources */ = {isa = PBXBuildFile; fileRef = 345EEE4624A74F26001D419B /* Formula1-Bold.otf */; };
		345EEE4B24A74F26001D419B /* Formula1-Wide.otf in Resources */ = {isa = PBXBuildFile; fileRef = 345EEE4724A74F26001D419B /* Formula1-Wide.otf */; };
		345EEE4C24A74F26001D419B /* Formula1-Wide.otf in Resources */ = {isa = PBXBuildFile; fileRef = 345EEE4724A74F26001D419B /* Formula1-Wide.otf */; };
		345EEE4D24A74F26001D419B /* Formula1-Regular.otf in Resources */ = {isa = PBXBuildFile; fileRef = 345EEE4824A74F26001D419B /* Formula1-Regular.otf */; };
		345EEE4E24A74F26001D419B /* Formula1-Regular.otf in Resources */ = {isa = PBXBuildFile; fileRef = 345EEE4824A74F26001D419B /* Formula1-Regular.otf */; };
		345EEE5024A75062001D419B /* Color+Hex.swift in Sources */ = {isa = PBXBuildFile; fileRef = 345EEE4F24A75062001D419B /* Color+Hex.swift */; };
		345EEE5124A75062001D419B /* Color+Hex.swift in Sources */ = {isa = PBXBuildFile; fileRef = 345EEE4F24A75062001D419B /* Color+Hex.swift */; };
		345EEE5324A7506D001D419B /* UIColor+Hex.swift in Sources */ = {isa = PBXBuildFile; fileRef = 345EEE5224A7506D001D419B /* UIColor+Hex.swift */; };
		345EEE5424A7506D001D419B /* UIColor+Hex.swift in Sources */ = {isa = PBXBuildFile; fileRef = 345EEE5224A7506D001D419B /* UIColor+Hex.swift */; };
		345EEE5624A75079001D419B /* Font+Custom.swift in Sources */ = {isa = PBXBuildFile; fileRef = 345EEE5524A75079001D419B /* Font+Custom.swift */; };
		345EEE5724A75079001D419B /* Font+Custom.swift in Sources */ = {isa = PBXBuildFile; fileRef = 345EEE5524A75079001D419B /* Font+Custom.swift */; };
		345EEE5924A75092001D419B /* UIApplication+EndEditing.swift in Sources */ = {isa = PBXBuildFile; fileRef = 345EEE5824A75092001D419B /* UIApplication+EndEditing.swift */; };
		345EEE5A24A75092001D419B /* UIApplication+EndEditing.swift in Sources */ = {isa = PBXBuildFile; fileRef = 345EEE5824A75092001D419B /* UIApplication+EndEditing.swift */; };
/* End PBXBuildFile section */

/* Begin PBXFileReference section */
		345EEDD524A748ED001D419B /* FormulaOneApp.swift */ = {isa = PBXFileReference; lastKnownFileType = sourcecode.swift; path = FormulaOneApp.swift; sourceTree = "<group>"; };
		345EEDD624A748ED001D419B /* ContentView.swift */ = {isa = PBXFileReference; lastKnownFileType = sourcecode.swift; path = ContentView.swift; sourceTree = "<group>"; };
		345EEDD724A748ED001D419B /* Assets.xcassets */ = {isa = PBXFileReference; lastKnownFileType = folder.assetcatalog; path = Assets.xcassets; sourceTree = "<group>"; };
		345EEDDC24A748EE001D419B /* FormulaOne.app */ = {isa = PBXFileReference; explicitFileType = wrapper.application; includeInIndex = 0; path = FormulaOne.app; sourceTree = BUILT_PRODUCTS_DIR; };
		345EEDDF24A748EE001D419B /* Info.plist */ = {isa = PBXFileReference; lastKnownFileType = text.plist.xml; path = Info.plist; sourceTree = "<group>"; };
		345EEDE424A748EE001D419B /* FormulaOne.app */ = {isa = PBXFileReference; explicitFileType = wrapper.application; includeInIndex = 0; path = FormulaOne.app; sourceTree = BUILT_PRODUCTS_DIR; };
		345EEDE624A748EE001D419B /* Info.plist */ = {isa = PBXFileReference; lastKnownFileType = text.plist.xml; path = Info.plist; sourceTree = "<group>"; };
		345EEDE724A748EE001D419B /* macOS.entitlements */ = {isa = PBXFileReference; lastKnownFileType = text.plist.entitlements; path = macOS.entitlements; sourceTree = "<group>"; };
		345EEE0224A74AEE001D419B /* CircuitModel.swift */ = {isa = PBXFileReference; lastKnownFileType = sourcecode.swift; path = CircuitModel.swift; sourceTree = "<group>"; };
		345EEE0524A74B0C001D419B /* CircuitsResponseModel.swift */ = {isa = PBXFileReference; lastKnownFileType = sourcecode.swift; path = CircuitsResponseModel.swift; sourceTree = "<group>"; };
		345EEE0824A74B25001D419B /* CompetitionsResponseModel.swift */ = {isa = PBXFileReference; lastKnownFileType = sourcecode.swift; path = CompetitionsResponseModel.swift; sourceTree = "<group>"; };
		345EEE0B24A74B32001D419B /* CompetitionModel.swift */ = {isa = PBXFileReference; lastKnownFileType = sourcecode.swift; path = CompetitionModel.swift; sourceTree = "<group>"; };
		345EEE0E24A74B6E001D419B /* DriversResponseModel.swift */ = {isa = PBXFileReference; lastKnownFileType = sourcecode.swift; path = DriversResponseModel.swift; sourceTree = "<group>"; };
		345EEE1124A74B78001D419B /* DriverModel.swift */ = {isa = PBXFileReference; lastKnownFileType = sourcecode.swift; path = DriverModel.swift; sourceTree = "<group>"; };
		345EEE1424A74B84001D419B /* DriverTeamModel.swift */ = {isa = PBXFileReference; lastKnownFileType = sourcecode.swift; path = DriverTeamModel.swift; sourceTree = "<group>"; };
		345EEE1724A74B90001D419B /* LocationModel.swift */ = {isa = PBXFileReference; lastKnownFileType = sourcecode.swift; path = LocationModel.swift; sourceTree = "<group>"; };
		345EEE1A24A74B9D001D419B /* SeasonsResponseModel.swift */ = {isa = PBXFileReference; lastKnownFileType = sourcecode.swift; path = SeasonsResponseModel.swift; sourceTree = "<group>"; };
		345EEE1D24A74BAE001D419B /* RacesResponseModel.swift */ = {isa = PBXFileReference; lastKnownFileType = sourcecode.swift; path = RacesResponseModel.swift; sourceTree = "<group>"; };
		345EEE2024A74BB5001D419B /* RaceModel.swift */ = {isa = PBXFileReference; lastKnownFileType = sourcecode.swift; path = RaceModel.swift; sourceTree = "<group>"; };
		345EEE2324A74BBC001D419B /* LapModel.swift */ = {isa = PBXFileReference; lastKnownFileType = sourcecode.swift; path = LapModel.swift; sourceTree = "<group>"; };
		345EEE2624A74BCA001D419B /* RankingsResponseModel.swift */ = {isa = PBXFileReference; lastKnownFileType = sourcecode.swift; path = RankingsResponseModel.swift; sourceTree = "<group>"; };
		345EEE2924A74BD1001D419B /* RankingModel.swift */ = {isa = PBXFileReference; lastKnownFileType = sourcecode.swift; path = RankingModel.swift; sourceTree = "<group>"; };
		345EEE2C24A74BED001D419B /* TeamsResponseModel.swift */ = {isa = PBXFileReference; lastKnownFileType = sourcecode.swift; path = TeamsResponseModel.swift; sourceTree = "<group>"; };
		345EEE2F24A74BF5001D419B /* TeamModel.swift */ = {isa = PBXFileReference; lastKnownFileType = sourcecode.swift; path = TeamModel.swift; sourceTree = "<group>"; };
		345EEE3824A74E47001D419B /* ServiceClient.swift */ = {isa = PBXFileReference; lastKnownFileType = sourcecode.swift; path = ServiceClient.swift; sourceTree = "<group>"; };
		345EEE3B24A74E57001D419B /* FormulaOneRouter.swift */ = {isa = PBXFileReference; lastKnownFileType = sourcecode.swift; path = FormulaOneRouter.swift; sourceTree = "<group>"; };
		345EEE3E24A74E61001D419B /* FormulaOneClient.swift */ = {isa = PBXFileReference; lastKnownFileType = sourcecode.swift; path = FormulaOneClient.swift; sourceTree = "<group>"; };
		345EEE4124A74E69001D419B /* NetworkConstants.swift */ = {isa = PBXFileReference; lastKnownFileType = sourcecode.swift; path = NetworkConstants.swift; sourceTree = "<group>"; };
		345EEE4624A74F26001D419B /* Formula1-Bold.otf */ = {isa = PBXFileReference; lastKnownFileType = file; path = "Formula1-Bold.otf"; sourceTree = "<group>"; };
		345EEE4724A74F26001D419B /* Formula1-Wide.otf */ = {isa = PBXFileReference; lastKnownFileType = file; path = "Formula1-Wide.otf"; sourceTree = "<group>"; };
		345EEE4824A74F26001D419B /* Formula1-Regular.otf */ = {isa = PBXFileReference; lastKnownFileType = file; path = "Formula1-Regular.otf"; sourceTree = "<group>"; };
		345EEE4F24A75062001D419B /* Color+Hex.swift */ = {isa = PBXFileReference; lastKnownFileType = sourcecode.swift; path = "Color+Hex.swift"; sourceTree = "<group>"; };
		345EEE5224A7506D001D419B /* UIColor+Hex.swift */ = {isa = PBXFileReference; lastKnownFileType = sourcecode.swift; path = "UIColor+Hex.swift"; sourceTree = "<group>"; };
		345EEE5524A75079001D419B /* Font+Custom.swift */ = {isa = PBXFileReference; lastKnownFileType = sourcecode.swift; path = "Font+Custom.swift"; sourceTree = "<group>"; };
		345EEE5824A75092001D419B /* UIApplication+EndEditing.swift */ = {isa = PBXFileReference; lastKnownFileType = sourcecode.swift; path = "UIApplication+EndEditing.swift"; sourceTree = "<group>"; };
/* End PBXFileReference section */

/* Begin PBXFrameworksBuildPhase section */
		345EEDD924A748EE001D419B /* Frameworks */ = {
			isa = PBXFrameworksBuildPhase;
			buildActionMask = 2147483647;
			files = (
				345EEE3724A74DA9001D419B /* URLImage in Frameworks */,
				345EEE3424A74D69001D419B /* Alamofire in Frameworks */,
			);
			runOnlyForDeploymentPostprocessing = 0;
		};
		345EEDE124A748EE001D419B /* Frameworks */ = {
			isa = PBXFrameworksBuildPhase;
			buildActionMask = 2147483647;
			files = (
			);
			runOnlyForDeploymentPostprocessing = 0;
		};
/* End PBXFrameworksBuildPhase section */

/* Begin PBXGroup section */
		345EEDCF24A748EC001D419B = {
			isa = PBXGroup;
			children = (
				345EEDD424A748ED001D419B /* Shared */,
				345EEDDE24A748EE001D419B /* iOS */,
				345EEDE524A748EE001D419B /* macOS */,
				345EEDDD24A748EE001D419B /* Products */,
			);
			sourceTree = "<group>";
		};
		345EEDD424A748ED001D419B /* Shared */ = {
			isa = PBXGroup;
			children = (
				345EEDF624A74A3A001D419B /* Common */,
				345EEDF724A74A40001D419B /* Models */,
				345EEDF824A74A46001D419B /* Networking */,
				345EEDF924A74A4F001D419B /* SupportingFiles */,
				345EEDFA24A74A59001D419B /* Views */,
			);
			path = Shared;
			sourceTree = "<group>";
		};
		345EEDDD24A748EE001D419B /* Products */ = {
			isa = PBXGroup;
			children = (
				345EEDDC24A748EE001D419B /* FormulaOne.app */,
				345EEDE424A748EE001D419B /* FormulaOne.app */,
			);
			name = Products;
			sourceTree = "<group>";
		};
		345EEDDE24A748EE001D419B /* iOS */ = {
			isa = PBXGroup;
			children = (
				345EEDDF24A748EE001D419B /* Info.plist */,
			);
			path = iOS;
			sourceTree = "<group>";
		};
		345EEDE524A748EE001D419B /* macOS */ = {
			isa = PBXGroup;
			children = (
				345EEDE624A748EE001D419B /* Info.plist */,
				345EEDE724A748EE001D419B /* macOS.entitlements */,
			);
			path = macOS;
			sourceTree = "<group>";
		};
		345EEDF624A74A3A001D419B /* Common */ = {
			isa = PBXGroup;
			children = (
				345EEDD524A748ED001D419B /* FormulaOneApp.swift */,
			);
			path = Common;
			sourceTree = "<group>";
		};
		345EEDF724A74A40001D419B /* Models */ = {
			isa = PBXGroup;
			children = (
				345EEE0124A74A9E001D419B /* Circuit */,
				345EEE0024A74A97001D419B /* Competitions */,
				345EEDFF24A74A91001D419B /* Driver */,
				345EEDFE24A74A8C001D419B /* General */,
				345EEDFD24A74A87001D419B /* Race */,
				345EEDFC24A74A81001D419B /* Ranking */,
				345EEDFB24A74A7C001D419B /* Team */,
			);
			path = Models;
			sourceTree = "<group>";
		};
		345EEDF824A74A46001D419B /* Networking */ = {
			isa = PBXGroup;
			children = (
				345EEE3824A74E47001D419B /* ServiceClient.swift */,
				345EEE3B24A74E57001D419B /* FormulaOneRouter.swift */,
				345EEE3E24A74E61001D419B /* FormulaOneClient.swift */,
				345EEE4124A74E69001D419B /* NetworkConstants.swift */,
			);
			path = Networking;
			sourceTree = "<group>";
		};
		345EEDF924A74A4F001D419B /* SupportingFiles */ = {
			isa = PBXGroup;
			children = (
				345EEDD724A748ED001D419B /* Assets.xcassets */,
				345EEE4524A74F03001D419B /* Extensions */,
				345EEE4424A74EFC001D419B /* Fonts */,
			);
			path = SupportingFiles;
			sourceTree = "<group>";
		};
		345EEDFA24A74A59001D419B /* Views */ = {
			isa = PBXGroup;
			children = (
				345EEE5B24A7533C001D419B /* Rankings */,
				345EEE5C24A75346001D419B /* Results */,
				345EEE5D24A75351001D419B /* Search */,
				345EEE5E24A7535E001D419B /* Circuits */,
				345EEDD624A748ED001D419B /* ContentView.swift */,
			);
			path = Views;
			sourceTree = "<group>";
		};
		345EEDFB24A74A7C001D419B /* Team */ = {
			isa = PBXGroup;
			children = (
				345EEE2C24A74BED001D419B /* TeamsResponseModel.swift */,
				345EEE2F24A74BF5001D419B /* TeamModel.swift */,
			);
			path = Team;
			sourceTree = "<group>";
		};
		345EEDFC24A74A81001D419B /* Ranking */ = {
			isa = PBXGroup;
			children = (
				345EEE2624A74BCA001D419B /* RankingsResponseModel.swift */,
				345EEE2924A74BD1001D419B /* RankingModel.swift */,
			);
			path = Ranking;
			sourceTree = "<group>";
		};
		345EEDFD24A74A87001D419B /* Race */ = {
			isa = PBXGroup;
			children = (
				345EEE1D24A74BAE001D419B /* RacesResponseModel.swift */,
				345EEE2024A74BB5001D419B /* RaceModel.swift */,
				345EEE2324A74BBC001D419B /* LapModel.swift */,
			);
			path = Race;
			sourceTree = "<group>";
		};
		345EEDFE24A74A8C001D419B /* General */ = {
			isa = PBXGroup;
			children = (
				345EEE1724A74B90001D419B /* LocationModel.swift */,
				345EEE1A24A74B9D001D419B /* SeasonsResponseModel.swift */,
			);
			path = General;
			sourceTree = "<group>";
		};
		345EEDFF24A74A91001D419B /* Driver */ = {
			isa = PBXGroup;
			children = (
				345EEE0E24A74B6E001D419B /* DriversResponseModel.swift */,
				345EEE1124A74B78001D419B /* DriverModel.swift */,
				345EEE1424A74B84001D419B /* DriverTeamModel.swift */,
			);
			path = Driver;
			sourceTree = "<group>";
		};
		345EEE0024A74A97001D419B /* Competitions */ = {
			isa = PBXGroup;
			children = (
				345EEE0824A74B25001D419B /* CompetitionsResponseModel.swift */,
				345EEE0B24A74B32001D419B /* CompetitionModel.swift */,
			);
			path = Competitions;
			sourceTree = "<group>";
		};
		345EEE0124A74A9E001D419B /* Circuit */ = {
			isa = PBXGroup;
			children = (
				345EEE0524A74B0C001D419B /* CircuitsResponseModel.swift */,
				345EEE0224A74AEE001D419B /* CircuitModel.swift */,
			);
			path = Circuit;
			sourceTree = "<group>";
		};
		345EEE4424A74EFC001D419B /* Fonts */ = {
			isa = PBXGroup;
			children = (
				345EEE4624A74F26001D419B /* Formula1-Bold.otf */,
				345EEE4824A74F26001D419B /* Formula1-Regular.otf */,
				345EEE4724A74F26001D419B /* Formula1-Wide.otf */,
			);
			path = Fonts;
			sourceTree = "<group>";
		};
		345EEE4524A74F03001D419B /* Extensions */ = {
			isa = PBXGroup;
			children = (
				345EEE4F24A75062001D419B /* Color+Hex.swift */,
				345EEE5224A7506D001D419B /* UIColor+Hex.swift */,
				345EEE5524A75079001D419B /* Font+Custom.swift */,
				345EEE5824A75092001D419B /* UIApplication+EndEditing.swift */,
			);
			path = Extensions;
			sourceTree = "<group>";
		};
		345EEE5B24A7533C001D419B /* Rankings */ = {
			isa = PBXGroup;
			children = (
			);
			path = Rankings;
			sourceTree = "<group>";
		};
		345EEE5C24A75346001D419B /* Results */ = {
			isa = PBXGroup;
			children = (
			);
			path = Results;
			sourceTree = "<group>";
		};
		345EEE5D24A75351001D419B /* Search */ = {
			isa = PBXGroup;
			children = (
			);
			path = Search;
			sourceTree = "<group>";
		};
		345EEE5E24A7535E001D419B /* Circuits */ = {
			isa = PBXGroup;
			children = (
			);
			path = Circuits;
			sourceTree = "<group>";
		};
/* End PBXGroup section */

/* Begin PBXNativeTarget section */
		345EEDDB24A748EE001D419B /* iOS */ = {
			isa = PBXNativeTarget;
			buildConfigurationList = 345EEDF024A748EE001D419B /* Build configuration list for PBXNativeTarget "iOS" */;
			buildPhases = (
				345EEDD824A748EE001D419B /* Sources */,
				345EEDD924A748EE001D419B /* Frameworks */,
				345EEDDA24A748EE001D419B /* Resources */,
			);
			buildRules = (
			);
			dependencies = (
			);
			name = iOS;
			packageProductDependencies = (
				345EEE3324A74D69001D419B /* Alamofire */,
				345EEE3624A74DA9001D419B /* URLImage */,
			);
			productName = iOS;
			productReference = 345EEDDC24A748EE001D419B /* FormulaOne.app */;
			productType = "com.apple.product-type.application";
		};
		345EEDE324A748EE001D419B /* macOS */ = {
			isa = PBXNativeTarget;
			buildConfigurationList = 345EEDF324A748EE001D419B /* Build configuration list for PBXNativeTarget "macOS" */;
			buildPhases = (
				345EEDE024A748EE001D419B /* Sources */,
				345EEDE124A748EE001D419B /* Frameworks */,
				345EEDE224A748EE001D419B /* Resources */,
			);
			buildRules = (
			);
			dependencies = (
			);
			name = macOS;
			productName = macOS;
			productReference = 345EEDE424A748EE001D419B /* FormulaOne.app */;
			productType = "com.apple.product-type.application";
		};
/* End PBXNativeTarget section */

/* Begin PBXProject section */
		345EEDD024A748EC001D419B /* Project object */ = {
			isa = PBXProject;
			attributes = {
				LastSwiftUpdateCheck = 1200;
				LastUpgradeCheck = 1200;
				TargetAttributes = {
					345EEDDB24A748EE001D419B = {
						CreatedOnToolsVersion = 12.0;
					};
					345EEDE324A748EE001D419B = {
						CreatedOnToolsVersion = 12.0;
					};
				};
			};
			buildConfigurationList = 345EEDD324A748EC001D419B /* Build configuration list for PBXProject "FormulaOne" */;
			compatibilityVersion = "Xcode 9.3";
			developmentRegion = en;
			hasScannedForEncodings = 0;
			knownRegions = (
				en,
				Base,
			);
			mainGroup = 345EEDCF24A748EC001D419B;
			packageReferences = (
				345EEE3224A74D69001D419B /* XCRemoteSwiftPackageReference "Alamofire" */,
				345EEE3524A74DA8001D419B /* XCRemoteSwiftPackageReference "url-image" */,
			);
			productRefGroup = 345EEDDD24A748EE001D419B /* Products */;
			projectDirPath = "";
			projectRoot = "";
			targets = (
				345EEDDB24A748EE001D419B /* iOS */,
				345EEDE324A748EE001D419B /* macOS */,
			);
		};
/* End PBXProject section */

/* Begin PBXResourcesBuildPhase section */
		345EEDDA24A748EE001D419B /* Resources */ = {
			isa = PBXResourcesBuildPhase;
			buildActionMask = 2147483647;
			files = (
				345EEDEC24A748EE001D419B /* Assets.xcassets in Resources */,
				345EEE4D24A74F26001D419B /* Formula1-Regular.otf in Resources */,
				345EEE4B24A74F26001D419B /* Formula1-Wide.otf in Resources */,
				345EEE4924A74F26001D419B /* Formula1-Bold.otf in Resources */,
			);
			runOnlyForDeploymentPostprocessing = 0;
		};
		345EEDE224A748EE001D419B /* Resources */ = {
			isa = PBXResourcesBuildPhase;
			buildActionMask = 2147483647;
			files = (
				345EEDED24A748EE001D419B /* Assets.xcassets in Resources */,
				345EEE4E24A74F26001D419B /* Formula1-Regular.otf in Resources */,
				345EEE4C24A74F26001D419B /* Formula1-Wide.otf in Resources */,
				345EEE4A24A74F26001D419B /* Formula1-Bold.otf in Resources */,
			);
			runOnlyForDeploymentPostprocessing = 0;
		};
/* End PBXResourcesBuildPhase section */

/* Begin PBXSourcesBuildPhase section */
		345EEDD824A748EE001D419B /* Sources */ = {
			isa = PBXSourcesBuildPhase;
			buildActionMask = 2147483647;
			files = (
				345EEE5024A75062001D419B /* Color+Hex.swift in Sources */,
				345EEE5924A75092001D419B /* UIApplication+EndEditing.swift in Sources */,
				345EEE1524A74B84001D419B /* DriverTeamModel.swift in Sources */,
				345EEE0F24A74B6E001D419B /* DriversResponseModel.swift in Sources */,
				345EEE4224A74E69001D419B /* NetworkConstants.swift in Sources */,
				345EEE3024A74BF5001D419B /* TeamModel.swift in Sources */,
				345EEE1B24A74B9D001D419B /* SeasonsResponseModel.swift in Sources */,
				345EEE2124A74BB5001D419B /* RaceModel.swift in Sources */,
				345EEE1224A74B78001D419B /* DriverModel.swift in Sources */,
				345EEE3C24A74E57001D419B /* FormulaOneRouter.swift in Sources */,
				345EEE5324A7506D001D419B /* UIColor+Hex.swift in Sources */,
				345EEE2D24A74BED001D419B /* TeamsResponseModel.swift in Sources */,
				345EEE3F24A74E61001D419B /* FormulaOneClient.swift in Sources */,
				345EEE0624A74B0C001D419B /* CircuitsResponseModel.swift in Sources */,
				345EEDEA24A748EE001D419B /* ContentView.swift in Sources */,
				345EEDE824A748EE001D419B /* FormulaOneApp.swift in Sources */,
				345EEE2A24A74BD1001D419B /* RankingModel.swift in Sources */,
				345EEE0C24A74B32001D419B /* CompetitionModel.swift in Sources */,
				345EEE0324A74AEE001D419B /* CircuitModel.swift in Sources */,
				345EEE1E24A74BAE001D419B /* RacesResponseModel.swift in Sources */,
				345EEE2724A74BCA001D419B /* RankingsResponseModel.swift in Sources */,
				345EEE2424A74BBC001D419B /* LapModel.swift in Sources */,
				345EEE1824A74B90001D419B /* LocationModel.swift in Sources */,
				345EEE3924A74E47001D419B /* ServiceClient.swift in Sources */,
				345EEE0924A74B25001D419B /* CompetitionsResponseModel.swift in Sources */,
				345EEE5624A75079001D419B /* Font+Custom.swift in Sources */,
			);
			runOnlyForDeploymentPostprocessing = 0;
		};
		345EEDE024A748EE001D419B /* Sources */ = {
			isa = PBXSourcesBuildPhase;
			buildActionMask = 2147483647;
			files = (
				345EEE5124A75062001D419B /* Color+Hex.swift in Sources */,
				345EEE5A24A75092001D419B /* UIApplication+EndEditing.swift in Sources */,
				345EEE1624A74B84001D419B /* DriverTeamModel.swift in Sources */,
				345EEE1024A74B6E001D419B /* DriversResponseModel.swift in Sources */,
				345EEE4324A74E69001D419B /* NetworkConstants.swift in Sources */,
				345EEE3124A74BF5001D419B /* TeamModel.swift in Sources */,
				345EEE1C24A74B9D001D419B /* SeasonsResponseModel.swift in Sources */,
				345EEE2224A74BB5001D419B /* RaceModel.swift in Sources */,
				345EEE1324A74B78001D419B /* DriverModel.swift in Sources */,
				345EEE3D24A74E57001D419B /* FormulaOneRouter.swift in Sources */,
				345EEE5424A7506D001D419B /* UIColor+Hex.swift in Sources */,
				345EEE2E24A74BED001D419B /* TeamsResponseModel.swift in Sources */,
				345EEE4024A74E61001D419B /* FormulaOneClient.swift in Sources */,
				345EEE0724A74B0C001D419B /* CircuitsResponseModel.swift in Sources */,
				345EEDEB24A748EE001D419B /* ContentView.swift in Sources */,
				345EEDE924A748EE001D419B /* FormulaOneApp.swift in Sources */,
				345EEE2B24A74BD1001D419B /* RankingModel.swift in Sources */,
				345EEE0D24A74B32001D419B /* CompetitionModel.swift in Sources */,
				345EEE0424A74AEE001D419B /* CircuitModel.swift in Sources */,
				345EEE1F24A74BAE001D419B /* RacesResponseModel.swift in Sources */,
				345EEE2824A74BCA001D419B /* RankingsResponseModel.swift in Sources */,
				345EEE2524A74BBC001D419B /* LapModel.swift in Sources */,
				345EEE1924A74B90001D419B /* LocationModel.swift in Sources */,
				345EEE3A24A74E47001D419B /* ServiceClient.swift in Sources */,
				345EEE0A24A74B25001D419B /* CompetitionsResponseModel.swift in Sources */,
				345EEE5724A75079001D419B /* Font+Custom.swift in Sources */,
			);
			runOnlyForDeploymentPostprocessing = 0;
		};
/* End PBXSourcesBuildPhase section */

/* Begin XCBuildConfiguration section */
		345EEDEE24A748EE001D419B /* Debug */ = {
			isa = XCBuildConfiguration;
			buildSettings = {
				ALWAYS_SEARCH_USER_PATHS = NO;
				CLANG_ANALYZER_NONNULL = YES;
				CLANG_ANALYZER_NUMBER_OBJECT_CONVERSION = YES_AGGRESSIVE;
				CLANG_CXX_LANGUAGE_STANDARD = "gnu++14";
				CLANG_CXX_LIBRARY = "libc++";
				CLANG_ENABLE_MODULES = YES;
				CLANG_ENABLE_OBJC_ARC = YES;
				CLANG_ENABLE_OBJC_WEAK = YES;
				CLANG_WARN_BLOCK_CAPTURE_AUTORELEASING = YES;
				CLANG_WARN_BOOL_CONVERSION = YES;
				CLANG_WARN_COMMA = YES;
				CLANG_WARN_CONSTANT_CONVERSION = YES;
				CLANG_WARN_DEPRECATED_OBJC_IMPLEMENTATIONS = YES;
				CLANG_WARN_DIRECT_OBJC_ISA_USAGE = YES_ERROR;
				CLANG_WARN_DOCUMENTATION_COMMENTS = YES;
				CLANG_WARN_EMPTY_BODY = YES;
				CLANG_WARN_ENUM_CONVERSION = YES;
				CLANG_WARN_INFINITE_RECURSION = YES;
				CLANG_WARN_INT_CONVERSION = YES;
				CLANG_WARN_NON_LITERAL_NULL_CONVERSION = YES;
				CLANG_WARN_OBJC_IMPLICIT_RETAIN_SELF = YES;
				CLANG_WARN_OBJC_LITERAL_CONVERSION = YES;
				CLANG_WARN_OBJC_ROOT_CLASS = YES_ERROR;
				CLANG_WARN_QUOTED_INCLUDE_IN_FRAMEWORK_HEADER = YES;
				CLANG_WARN_RANGE_LOOP_ANALYSIS = YES;
				CLANG_WARN_STRICT_PROTOTYPES = YES;
				CLANG_WARN_SUSPICIOUS_MOVE = YES;
				CLANG_WARN_UNGUARDED_AVAILABILITY = YES_AGGRESSIVE;
				CLANG_WARN_UNREACHABLE_CODE = YES;
				CLANG_WARN__DUPLICATE_METHOD_MATCH = YES;
				COPY_PHASE_STRIP = NO;
				DEBUG_INFORMATION_FORMAT = dwarf;
				ENABLE_STRICT_OBJC_MSGSEND = YES;
				ENABLE_TESTABILITY = YES;
				GCC_C_LANGUAGE_STANDARD = gnu11;
				GCC_DYNAMIC_NO_PIC = NO;
				GCC_NO_COMMON_BLOCKS = YES;
				GCC_OPTIMIZATION_LEVEL = 0;
				GCC_PREPROCESSOR_DEFINITIONS = (
					"DEBUG=1",
					"$(inherited)",
				);
				GCC_WARN_64_TO_32_BIT_CONVERSION = YES;
				GCC_WARN_ABOUT_RETURN_TYPE = YES_ERROR;
				GCC_WARN_UNDECLARED_SELECTOR = YES;
				GCC_WARN_UNINITIALIZED_AUTOS = YES_AGGRESSIVE;
				GCC_WARN_UNUSED_FUNCTION = YES;
				GCC_WARN_UNUSED_VARIABLE = YES;
				MTL_ENABLE_DEBUG_INFO = INCLUDE_SOURCE;
				MTL_FAST_MATH = YES;
				ONLY_ACTIVE_ARCH = YES;
				SWIFT_ACTIVE_COMPILATION_CONDITIONS = DEBUG;
				SWIFT_OPTIMIZATION_LEVEL = "-Onone";
			};
			name = Debug;
		};
		345EEDEF24A748EE001D419B /* Release */ = {
			isa = XCBuildConfiguration;
			buildSettings = {
				ALWAYS_SEARCH_USER_PATHS = NO;
				CLANG_ANALYZER_NONNULL = YES;
				CLANG_ANALYZER_NUMBER_OBJECT_CONVERSION = YES_AGGRESSIVE;
				CLANG_CXX_LANGUAGE_STANDARD = "gnu++14";
				CLANG_CXX_LIBRARY = "libc++";
				CLANG_ENABLE_MODULES = YES;
				CLANG_ENABLE_OBJC_ARC = YES;
				CLANG_ENABLE_OBJC_WEAK = YES;
				CLANG_WARN_BLOCK_CAPTURE_AUTORELEASING = YES;
				CLANG_WARN_BOOL_CONVERSION = YES;
				CLANG_WARN_COMMA = YES;
				CLANG_WARN_CONSTANT_CONVERSION = YES;
				CLANG_WARN_DEPRECATED_OBJC_IMPLEMENTATIONS = YES;
				CLANG_WARN_DIRECT_OBJC_ISA_USAGE = YES_ERROR;
				CLANG_WARN_DOCUMENTATION_COMMENTS = YES;
				CLANG_WARN_EMPTY_BODY = YES;
				CLANG_WARN_ENUM_CONVERSION = YES;
				CLANG_WARN_INFINITE_RECURSION = YES;
				CLANG_WARN_INT_CONVERSION = YES;
				CLANG_WARN_NON_LITERAL_NULL_CONVERSION = YES;
				CLANG_WARN_OBJC_IMPLICIT_RETAIN_SELF = YES;
				CLANG_WARN_OBJC_LITERAL_CONVERSION = YES;
				CLANG_WARN_OBJC_ROOT_CLASS = YES_ERROR;
				CLANG_WARN_QUOTED_INCLUDE_IN_FRAMEWORK_HEADER = YES;
				CLANG_WARN_RANGE_LOOP_ANALYSIS = YES;
				CLANG_WARN_STRICT_PROTOTYPES = YES;
				CLANG_WARN_SUSPICIOUS_MOVE = YES;
				CLANG_WARN_UNGUARDED_AVAILABILITY = YES_AGGRESSIVE;
				CLANG_WARN_UNREACHABLE_CODE = YES;
				CLANG_WARN__DUPLICATE_METHOD_MATCH = YES;
				COPY_PHASE_STRIP = NO;
				DEBUG_INFORMATION_FORMAT = "dwarf-with-dsym";
				ENABLE_NS_ASSERTIONS = NO;
				ENABLE_STRICT_OBJC_MSGSEND = YES;
				GCC_C_LANGUAGE_STANDARD = gnu11;
				GCC_NO_COMMON_BLOCKS = YES;
				GCC_WARN_64_TO_32_BIT_CONVERSION = YES;
				GCC_WARN_ABOUT_RETURN_TYPE = YES_ERROR;
				GCC_WARN_UNDECLARED_SELECTOR = YES;
				GCC_WARN_UNINITIALIZED_AUTOS = YES_AGGRESSIVE;
				GCC_WARN_UNUSED_FUNCTION = YES;
				GCC_WARN_UNUSED_VARIABLE = YES;
				MTL_ENABLE_DEBUG_INFO = NO;
				MTL_FAST_MATH = YES;
				SWIFT_COMPILATION_MODE = wholemodule;
				SWIFT_OPTIMIZATION_LEVEL = "-O";
			};
			name = Release;
		};
		345EEDF124A748EE001D419B /* Debug */ = {
			isa = XCBuildConfiguration;
			buildSettings = {
				ASSETCATALOG_COMPILER_APPICON_NAME = AppIcon;
				ASSETCATALOG_COMPILER_GLOBAL_ACCENT_COLOR_NAME = AccentColor;
				CODE_SIGN_STYLE = Automatic;
				DEVELOPMENT_TEAM = 75PKQ5LQ7V;
				ENABLE_PREVIEWS = YES;
				INFOPLIST_FILE = iOS/Info.plist;
				IPHONEOS_DEPLOYMENT_TARGET = 14.0;
				LD_RUNPATH_SEARCH_PATHS = (
					"$(inherited)",
					"@executable_path/Frameworks",
				);
				PRODUCT_BUNDLE_IDENTIFIER = com.serdarturan.FormulaOne;
				PRODUCT_NAME = FormulaOne;
				SDKROOT = iphoneos;
				SWIFT_VERSION = 5.0;
				TARGETED_DEVICE_FAMILY = "1,2";
			};
			name = Debug;
		};
		345EEDF224A748EE001D419B /* Release */ = {
			isa = XCBuildConfiguration;
			buildSettings = {
				ASSETCATALOG_COMPILER_APPICON_NAME = AppIcon;
				ASSETCATALOG_COMPILER_GLOBAL_ACCENT_COLOR_NAME = AccentColor;
				CODE_SIGN_STYLE = Automatic;
				DEVELOPMENT_TEAM = 75PKQ5LQ7V;
				ENABLE_PREVIEWS = YES;
				INFOPLIST_FILE = iOS/Info.plist;
				IPHONEOS_DEPLOYMENT_TARGET = 14.0;
				LD_RUNPATH_SEARCH_PATHS = (
					"$(inherited)",
					"@executable_path/Frameworks",
				);
				PRODUCT_BUNDLE_IDENTIFIER = com.serdarturan.FormulaOne;
				PRODUCT_NAME = FormulaOne;
				SDKROOT = iphoneos;
				SWIFT_VERSION = 5.0;
				TARGETED_DEVICE_FAMILY = "1,2";
				VALIDATE_PRODUCT = YES;
			};
			name = Release;
		};
		345EEDF424A748EE001D419B /* Debug */ = {
			isa = XCBuildConfiguration;
			buildSettings = {
				ASSETCATALOG_COMPILER_APPICON_NAME = AppIcon;
				ASSETCATALOG_COMPILER_GLOBAL_ACCENT_COLOR_NAME = AccentColor;
				CODE_SIGN_ENTITLEMENTS = macOS/macOS.entitlements;
				CODE_SIGN_STYLE = Automatic;
				COMBINE_HIDPI_IMAGES = YES;
				DEVELOPMENT_TEAM = 75PKQ5LQ7V;
				ENABLE_HARDENED_RUNTIME = YES;
				ENABLE_PREVIEWS = YES;
				INFOPLIST_FILE = macOS/Info.plist;
				LD_RUNPATH_SEARCH_PATHS = (
					"$(inherited)",
					"@executable_path/../Frameworks",
				);
				MACOSX_DEPLOYMENT_TARGET = 10.16;
				PRODUCT_BUNDLE_IDENTIFIER = com.serdarturan.FormulaOne;
				PRODUCT_NAME = FormulaOne;
				SDKROOT = macosx;
				SWIFT_VERSION = 5.0;
			};
			name = Debug;
		};
		345EEDF524A748EE001D419B /* Release */ = {
			isa = XCBuildConfiguration;
			buildSettings = {
				ASSETCATALOG_COMPILER_APPICON_NAME = AppIcon;
				ASSETCATALOG_COMPILER_GLOBAL_ACCENT_COLOR_NAME = AccentColor;
				CODE_SIGN_ENTITLEMENTS = macOS/macOS.entitlements;
				CODE_SIGN_STYLE = Automatic;
				COMBINE_HIDPI_IMAGES = YES;
				DEVELOPMENT_TEAM = 75PKQ5LQ7V;
				ENABLE_HARDENED_RUNTIME = YES;
				ENABLE_PREVIEWS = YES;
				INFOPLIST_FILE = macOS/Info.plist;
				LD_RUNPATH_SEARCH_PATHS = (
					"$(inherited)",
					"@executable_path/../Frameworks",
				);
				MACOSX_DEPLOYMENT_TARGET = 10.16;
				PRODUCT_BUNDLE_IDENTIFIER = com.serdarturan.FormulaOne;
				PRODUCT_NAME = FormulaOne;
				SDKROOT = macosx;
				SWIFT_VERSION = 5.0;
			};
			name = Release;
		};
/* End XCBuildConfiguration section */

/* Begin XCConfigurationList section */
		345EEDD324A748EC001D419B /* Build configuration list for PBXProject "FormulaOne" */ = {
			isa = XCConfigurationList;
			buildConfigurations = (
				345EEDEE24A748EE001D419B /* Debug */,
				345EEDEF24A748EE001D419B /* Release */,
			);
			defaultConfigurationIsVisible = 0;
			defaultConfigurationName = Release;
		};
		345EEDF024A748EE001D419B /* Build configuration list for PBXNativeTarget "iOS" */ = {
			isa = XCConfigurationList;
			buildConfigurations = (
				345EEDF124A748EE001D419B /* Debug */,
				345EEDF224A748EE001D419B /* Release */,
			);
			defaultConfigurationIsVisible = 0;
			defaultConfigurationName = Release;
		};
		345EEDF324A748EE001D419B /* Build configuration list for PBXNativeTarget "macOS" */ = {
			isa = XCConfigurationList;
			buildConfigurations = (
				345EEDF424A748EE001D419B /* Debug */,
				345EEDF524A748EE001D419B /* Release */,
			);
			defaultConfigurationIsVisible = 0;
			defaultConfigurationName = Release;
		};
/* End XCConfigurationList section */

/* Begin XCRemoteSwiftPackageReference section */
		345EEE3224A74D69001D419B /* XCRemoteSwiftPackageReference "Alamofire" */ = {
			isa = XCRemoteSwiftPackageReference;
			repositoryURL = "https://github.com/Alamofire/Alamofire.git";
			requirement = {
				kind = upToNextMajorVersion;
				minimumVersion = 5.2.1;
			};
		};
		345EEE3524A74DA8001D419B /* XCRemoteSwiftPackageReference "url-image" */ = {
			isa = XCRemoteSwiftPackageReference;
			repositoryURL = "https://github.com/dmytro-anokhin/url-image.git";
			requirement = {
				kind = upToNextMajorVersion;
				minimumVersion = 0.9.15;
			};
		};
/* End XCRemoteSwiftPackageReference section */

/* Begin XCSwiftPackageProductDependency section */
		345EEE3324A74D69001D419B /* Alamofire */ = {
			isa = XCSwiftPackageProductDependency;
			package = 345EEE3224A74D69001D419B /* XCRemoteSwiftPackageReference "Alamofire" */;
			productName = Alamofire;
		};
		345EEE3624A74DA9001D419B /* URLImage */ = {
			isa = XCSwiftPackageProductDependency;
			package = 345EEE3524A74DA8001D419B /* XCRemoteSwiftPackageReference "url-image" */;
			productName = URLImage;
		};
/* End XCSwiftPackageProductDependency section */
	};
	rootObject = 345EEDD024A748EC001D419B /* Project object */;
}
